
Microsoft Visual Studio Solution File, Format Version 12.00
# Visual Studio Version 17
VisualStudioVersion = 17.5.33424.131
MinimumVisualStudioVersion = 10.0.40219.1
Project("{FAE04EC0-301F-11D3-BF4B-00C04F79EFBC}") = "HW", "HW.csproj", "{87019E27-5198-4CD5-BB23-4FD13DBB1DDA}"
EndProject
Project("{2150E333-8FDC-42A3-9474-1A3956D46DE8}") = "솔루션 항목", "솔루션 항목", "{668322F5-02D8-4782-822F-1AFB4553F5AD}"
EndProject
Global
	GlobalSection(SolutionConfigurationPlatforms) = preSolution
		Debug|Any CPU = Debug|Any CPU
		Release|Any CPU = Release|Any CPU
	EndGlobalSection
	GlobalSection(ProjectConfigurationPlatforms) = postSolution
		{87019E27-5198-4CD5-BB23-4FD13DBB1DDA}.Debug|Any CPU.ActiveCfg = Debug|Any CPU
		{87019E27-5198-4CD5-BB23-4FD13DBB1DDA}.Debug|Any CPU.Build.0 = Debug|Any CPU
		{87019E27-5198-4CD5-BB23-4FD13DBB1DDA}.Release|Any CPU.ActiveCfg = Release|Any CPU
		{87019E27-5198-4CD5-BB23-4FD13DBB1DDA}.Release|Any CPU.Build.0 = Release|Any CPU
	EndGlobalSection
	GlobalSection(SolutionProperties) = preSolution
		HideSolutionNode = FALSE
	EndGlobalSection
	GlobalSection(ExtensibilityGlobals) = postSolution
		SolutionGuid = {66783ADF-8BAE-4855-A547-23BEE7E70B97}
	EndGlobalSection
EndGlobal
